// !$*UTF8*$!
{
	archiveVersion = 1;
	classes = {
	};
	objectVersion = 50;
	objects = {

/* Begin PBXBuildFile section */
		370161F925CB0E27002FF3DA /* UnitType.swift in Sources */ = {isa = PBXBuildFile; fileRef = 370161F825CB0E27002FF3DA /* UnitType.swift */; };
		3739C3A725C8535F00B258F8 /* MealPlannerApp.swift in Sources */ = {isa = PBXBuildFile; fileRef = 3739C3A625C8535F00B258F8 /* MealPlannerApp.swift */; };
		3739C3A925C8535F00B258F8 /* ContentView.swift in Sources */ = {isa = PBXBuildFile; fileRef = 3739C3A825C8535F00B258F8 /* ContentView.swift */; };
		3739C3AB25C8536000B258F8 /* Assets.xcassets in Resources */ = {isa = PBXBuildFile; fileRef = 3739C3AA25C8536000B258F8 /* Assets.xcassets */; };
		3739C3AE25C8536000B258F8 /* Preview Assets.xcassets in Resources */ = {isa = PBXBuildFile; fileRef = 3739C3AD25C8536000B258F8 /* Preview Assets.xcassets */; };
		3739C3B825C8538200B258F8 /* MealPlanner.xcdatamodeld in Sources */ = {isa = PBXBuildFile; fileRef = 3739C3B625C8538200B258F8 /* MealPlanner.xcdatamodeld */; };
		3739C3BB25C8544400B258F8 /* Persistence.swift in Sources */ = {isa = PBXBuildFile; fileRef = 3739C3BA25C8544400B258F8 /* Persistence.swift */; };
		3782E11925CDEADC00E7EBBA /* Assets.xcassets in Resources */ = {isa = PBXBuildFile; fileRef = 3782E11825CDEADC00E7EBBA /* Assets.xcassets */; };
		3782E12025CDEADC00E7EBBA /* MealPlannerAppleWatch Extension.appex in Embed App Extensions */ = {isa = PBXBuildFile; fileRef = 3782E11F25CDEADC00E7EBBA /* MealPlannerAppleWatch Extension.appex */; settings = {ATTRIBUTES = (RemoveHeadersOnCopy, ); }; };
		3782E12525CDEADC00E7EBBA /* MealPlannerApp.swift in Sources */ = {isa = PBXBuildFile; fileRef = 3782E12425CDEADC00E7EBBA /* MealPlannerApp.swift */; };
		3782E12925CDEADC00E7EBBA /* NotificationController.swift in Sources */ = {isa = PBXBuildFile; fileRef = 3782E12825CDEADC00E7EBBA /* NotificationController.swift */; };
		3782E12B25CDEADC00E7EBBA /* NotificationView.swift in Sources */ = {isa = PBXBuildFile; fileRef = 3782E12A25CDEADC00E7EBBA /* NotificationView.swift */; };
		3782E12D25CDEADC00E7EBBA /* ComplicationController.swift in Sources */ = {isa = PBXBuildFile; fileRef = 3782E12C25CDEADC00E7EBBA /* ComplicationController.swift */; };
		3782E12F25CDEADD00E7EBBA /* Assets.xcassets in Resources */ = {isa = PBXBuildFile; fileRef = 3782E12E25CDEADD00E7EBBA /* Assets.xcassets */; };
		3782E13225CDEADD00E7EBBA /* Preview Assets.xcassets in Resources */ = {isa = PBXBuildFile; fileRef = 3782E13125CDEADD00E7EBBA /* Preview Assets.xcassets */; };
		3782E13725CDEADD00E7EBBA /* MealPlannerAppleWatch.app in Embed Watch Content */ = {isa = PBXBuildFile; fileRef = 3782E11625CDEADA00E7EBBA /* MealPlannerAppleWatch.app */; settings = {ATTRIBUTES = (RemoveHeadersOnCopy, ); }; };
		3782E15625CDEC2E00E7EBBA /* MealPlanner.xcdatamodeld in Sources */ = {isa = PBXBuildFile; fileRef = 3739C3B625C8538200B258F8 /* MealPlanner.xcdatamodeld */; };
		3782E16025CDEC8B00E7EBBA /* MealPlanWatchView.swift in Sources */ = {isa = PBXBuildFile; fileRef = 3782E15F25CDEC8B00E7EBBA /* MealPlanWatchView.swift */; };
		3782E16F25CDECC600E7EBBA /* Persistence.swift in Sources */ = {isa = PBXBuildFile; fileRef = 3739C3BA25C8544400B258F8 /* Persistence.swift */; };
		3782E1A025CDED5E00E7EBBA /* Recipe.swift in Sources */ = {isa = PBXBuildFile; fileRef = 37B2726825CA12F2003405A3 /* Recipe.swift */; };
		3782E1A525CDED6300E7EBBA /* Meal.swift in Sources */ = {isa = PBXBuildFile; fileRef = 37C39F6D25CC64EC0033A1ED /* Meal.swift */; };
		3782E1A625CDED6300E7EBBA /* Ingredient.swift in Sources */ = {isa = PBXBuildFile; fileRef = 37B2726B25CA12FD003405A3 /* Ingredient.swift */; };
		3782E1A725CDED6300E7EBBA /* UnitType.swift in Sources */ = {isa = PBXBuildFile; fileRef = 370161F825CB0E27002FF3DA /* UnitType.swift */; };
		3782E1AD25CDED7B00E7EBBA /* MealList.swift in Sources */ = {isa = PBXBuildFile; fileRef = 3782E1AC25CDED7B00E7EBBA /* MealList.swift */; };
		3782E1B325CDEEA000E7EBBA /* CloudKit.framework in Frameworks */ = {isa = PBXBuildFile; fileRef = 3782E1B225CDEEA000E7EBBA /* CloudKit.framework */; };
		37A7B57F25CD89F3006D956B /* WidgetKit.framework in Frameworks */ = {isa = PBXBuildFile; fileRef = 37A7B57E25CD89F3006D956B /* WidgetKit.framework */; };
		37A7B58125CD89F3006D956B /* SwiftUI.framework in Frameworks */ = {isa = PBXBuildFile; fileRef = 37A7B58025CD89F3006D956B /* SwiftUI.framework */; };
		37A7B58425CD89F3006D956B /* MealPlannerWidget.swift in Sources */ = {isa = PBXBuildFile; fileRef = 37A7B58325CD89F3006D956B /* MealPlannerWidget.swift */; };
		37A7B58725CD89F4006D956B /* Assets.xcassets in Resources */ = {isa = PBXBuildFile; fileRef = 37A7B58625CD89F4006D956B /* Assets.xcassets */; };
		37A7B58925CD89F4006D956B /* MealPlannerWidget.intentdefinition in Sources */ = {isa = PBXBuildFile; fileRef = 37A7B58525CD89F3006D956B /* MealPlannerWidget.intentdefinition */; };
		37A7B58A25CD89F4006D956B /* MealPlannerWidget.intentdefinition in Sources */ = {isa = PBXBuildFile; fileRef = 37A7B58525CD89F3006D956B /* MealPlannerWidget.intentdefinition */; };
		37A7B58D25CD89F4006D956B /* MealPlannerWidgetExtension.appex in Embed App Extensions */ = {isa = PBXBuildFile; fileRef = 37A7B57C25CD89F3006D956B /* MealPlannerWidgetExtension.appex */; settings = {ATTRIBUTES = (RemoveHeadersOnCopy, ); }; };
		37A7B59725CD8A70006D956B /* MealPlanner.xcdatamodeld in Sources */ = {isa = PBXBuildFile; fileRef = 3739C3B625C8538200B258F8 /* MealPlanner.xcdatamodeld */; };
		37A7B59A25CD8A9A006D956B /* Meal.swift in Sources */ = {isa = PBXBuildFile; fileRef = 37C39F6D25CC64EC0033A1ED /* Meal.swift */; };
		37B0569D25D44534006543DD /* NSSetExtensions.swift in Sources */ = {isa = PBXBuildFile; fileRef = 37B0569C25D44534006543DD /* NSSetExtensions.swift */; };
		37B056A725D456B6006543DD /* GroceryItemView.swift in Sources */ = {isa = PBXBuildFile; fileRef = 37B056A625D456B6006543DD /* GroceryItemView.swift */; };
		37B2725A25CA106F003405A3 /* RecipeList.swift in Sources */ = {isa = PBXBuildFile; fileRef = 37B2725925CA106F003405A3 /* RecipeList.swift */; };
		37B2725D25CA10D5003405A3 /* EditRecipeForm.swift in Sources */ = {isa = PBXBuildFile; fileRef = 37B2725C25CA10D5003405A3 /* EditRecipeForm.swift */; };
		37B2726325CA11B2003405A3 /* EditIngredientForm.swift in Sources */ = {isa = PBXBuildFile; fileRef = 37B2726225CA11B2003405A3 /* EditIngredientForm.swift */; };
		37B2726625CA1237003405A3 /* RecipeItem.swift in Sources */ = {isa = PBXBuildFile; fileRef = 37B2726525CA1237003405A3 /* RecipeItem.swift */; };
		37B2726925CA12F2003405A3 /* Recipe.swift in Sources */ = {isa = PBXBuildFile; fileRef = 37B2726825CA12F2003405A3 /* Recipe.swift */; };
		37B2726C25CA12FD003405A3 /* Ingredient.swift in Sources */ = {isa = PBXBuildFile; fileRef = 37B2726B25CA12FD003405A3 /* Ingredient.swift */; };
		37C39F3F25CB1ECA0033A1ED /* DecimalField.swift in Sources */ = {isa = PBXBuildFile; fileRef = 37C39F3E25CB1ECA0033A1ED /* DecimalField.swift */; };
		37C39F4225CB317C0033A1ED /* MealForm.swift in Sources */ = {isa = PBXBuildFile; fileRef = 37C39F4125CB317C0033A1ED /* MealForm.swift */; };
		37C39F4525CB5AF70033A1ED /* MealPlanStrings.strings in Resources */ = {isa = PBXBuildFile; fileRef = 37C39F4425CB5AF70033A1ED /* MealPlanStrings.strings */; };
		37C39F4825CB5E8D0033A1ED /* UnitPicker.swift in Sources */ = {isa = PBXBuildFile; fileRef = 37C39F4725CB5E8D0033A1ED /* UnitPicker.swift */; };
		37C39F4B25CC4C1B0033A1ED /* MealList.swift in Sources */ = {isa = PBXBuildFile; fileRef = 37C39F4A25CC4C1B0033A1ED /* MealList.swift */; };
		37C39F4E25CC4D840033A1ED /* MealItem.swift in Sources */ = {isa = PBXBuildFile; fileRef = 37C39F4D25CC4D840033A1ED /* MealItem.swift */; };
		37C39F6E25CC64EC0033A1ED /* Meal.swift in Sources */ = {isa = PBXBuildFile; fileRef = 37C39F6D25CC64EC0033A1ED /* Meal.swift */; };
		37ECAD0025D361F500EABEE4 /* Availability.swift in Sources */ = {isa = PBXBuildFile; fileRef = 37ECACFF25D361F500EABEE4 /* Availability.swift */; };
		37ECAD0625D3632100EABEE4 /* GroceryListView.swift in Sources */ = {isa = PBXBuildFile; fileRef = 37ECAD0525D3632100EABEE4 /* GroceryListView.swift */; };
		37ECAD1025D3681200EABEE4 /* GroceryView.swift in Sources */ = {isa = PBXBuildFile; fileRef = 37ECAD0F25D3681200EABEE4 /* GroceryView.swift */; };
		37ECAD1E25D3696700EABEE4 /* DateExtension.swift in Sources */ = {isa = PBXBuildFile; fileRef = 37ECAD1D25D3696700EABEE4 /* DateExtension.swift */; };
		37ECAD2825D42C4400EABEE4 /* GroceryList.swift in Sources */ = {isa = PBXBuildFile; fileRef = 37ECAD2725D42C4400EABEE4 /* GroceryList.swift */; };
		37ECAD2E25D4303600EABEE4 /* IngredientListView.swift in Sources */ = {isa = PBXBuildFile; fileRef = 37ECAD2D25D4303600EABEE4 /* IngredientListView.swift */; };
		37ECAD3425D431B700EABEE4 /* AddRecipeToMeal.swift in Sources */ = {isa = PBXBuildFile; fileRef = 37ECAD3325D431B700EABEE4 /* AddRecipeToMeal.swift */; };
		37ECAD3A25D4325300EABEE4 /* NameAndDate.swift in Sources */ = {isa = PBXBuildFile; fileRef = 37ECAD3925D4325300EABEE4 /* NameAndDate.swift */; };
		37ECAD4025D433D600EABEE4 /* SettingsView.swift in Sources */ = {isa = PBXBuildFile; fileRef = 37ECAD3F25D433D600EABEE4 /* SettingsView.swift */; };
		37ECAD4625D434F800EABEE4 /* Frequency.swift in Sources */ = {isa = PBXBuildFile; fileRef = 37ECAD4525D434F800EABEE4 /* Frequency.swift */; };
		37ECAD4C25D4363900EABEE4 /* User.swift in Sources */ = {isa = PBXBuildFile; fileRef = 37ECAD4B25D4363900EABEE4 /* User.swift */; };
/* End PBXBuildFile section */

/* Begin PBXContainerItemProxy section */
		3782E12125CDEADC00E7EBBA /* PBXContainerItemProxy */ = {
			isa = PBXContainerItemProxy;
			containerPortal = 3739C39B25C8535F00B258F8 /* Project object */;
			proxyType = 1;
			remoteGlobalIDString = 3782E11E25CDEADC00E7EBBA;
			remoteInfo = "MealPlannerAppleWatch Extension";
		};
		3782E13525CDEADD00E7EBBA /* PBXContainerItemProxy */ = {
			isa = PBXContainerItemProxy;
			containerPortal = 3739C39B25C8535F00B258F8 /* Project object */;
			proxyType = 1;
			remoteGlobalIDString = 3782E11525CDEADA00E7EBBA;
			remoteInfo = MealPlannerAppleWatch;
		};
		37A7B58B25CD89F4006D956B /* PBXContainerItemProxy */ = {
			isa = PBXContainerItemProxy;
			containerPortal = 3739C39B25C8535F00B258F8 /* Project object */;
			proxyType = 1;
			remoteGlobalIDString = 37A7B57B25CD89F3006D956B;
			remoteInfo = MealPlannerWidgetExtension;
		};
/* End PBXContainerItemProxy section */

/* Begin PBXCopyFilesBuildPhase section */
		3782E13825CDEADD00E7EBBA /* Embed Watch Content */ = {
			isa = PBXCopyFilesBuildPhase;
			buildActionMask = 2147483647;
			dstPath = "$(CONTENTS_FOLDER_PATH)/Watch";
			dstSubfolderSpec = 16;
			files = (
				3782E13725CDEADD00E7EBBA /* MealPlannerAppleWatch.app in Embed Watch Content */,
			);
			name = "Embed Watch Content";
			runOnlyForDeploymentPostprocessing = 0;
		};
		3782E13B25CDEADD00E7EBBA /* Embed App Extensions */ = {
			isa = PBXCopyFilesBuildPhase;
			buildActionMask = 2147483647;
			dstPath = "";
			dstSubfolderSpec = 13;
			files = (
				3782E12025CDEADC00E7EBBA /* MealPlannerAppleWatch Extension.appex in Embed App Extensions */,
			);
			name = "Embed App Extensions";
			runOnlyForDeploymentPostprocessing = 0;
		};
		37A7B59125CD89F4006D956B /* Embed App Extensions */ = {
			isa = PBXCopyFilesBuildPhase;
			buildActionMask = 2147483647;
			dstPath = "";
			dstSubfolderSpec = 13;
			files = (
				37A7B58D25CD89F4006D956B /* MealPlannerWidgetExtension.appex in Embed App Extensions */,
			);
			name = "Embed App Extensions";
			runOnlyForDeploymentPostprocessing = 0;
		};
/* End PBXCopyFilesBuildPhase section */

/* Begin PBXFileReference section */
		370161F825CB0E27002FF3DA /* UnitType.swift */ = {isa = PBXFileReference; lastKnownFileType = sourcecode.swift; path = UnitType.swift; sourceTree = "<group>"; };
		3739C3A325C8535F00B258F8 /* MealPlanner.app */ = {isa = PBXFileReference; explicitFileType = wrapper.application; includeInIndex = 0; path = MealPlanner.app; sourceTree = BUILT_PRODUCTS_DIR; };
		3739C3A625C8535F00B258F8 /* MealPlannerApp.swift */ = {isa = PBXFileReference; lastKnownFileType = sourcecode.swift; path = MealPlannerApp.swift; sourceTree = "<group>"; };
		3739C3A825C8535F00B258F8 /* ContentView.swift */ = {isa = PBXFileReference; lastKnownFileType = sourcecode.swift; path = ContentView.swift; sourceTree = "<group>"; };
		3739C3AA25C8536000B258F8 /* Assets.xcassets */ = {isa = PBXFileReference; lastKnownFileType = folder.assetcatalog; path = Assets.xcassets; sourceTree = "<group>"; };
		3739C3AD25C8536000B258F8 /* Preview Assets.xcassets */ = {isa = PBXFileReference; lastKnownFileType = folder.assetcatalog; path = "Preview Assets.xcassets"; sourceTree = "<group>"; };
		3739C3AF25C8536000B258F8 /* Info.plist */ = {isa = PBXFileReference; lastKnownFileType = text.plist.xml; path = Info.plist; sourceTree = "<group>"; };
		3739C3B725C8538200B258F8 /* MealPlanner.xcdatamodel */ = {isa = PBXFileReference; lastKnownFileType = wrapper.xcdatamodel; path = MealPlanner.xcdatamodel; sourceTree = "<group>"; };
		3739C3BA25C8544400B258F8 /* Persistence.swift */ = {isa = PBXFileReference; lastKnownFileType = sourcecode.swift; path = Persistence.swift; sourceTree = "<group>"; };
		3782E11625CDEADA00E7EBBA /* MealPlannerAppleWatch.app */ = {isa = PBXFileReference; explicitFileType = wrapper.application; includeInIndex = 0; path = MealPlannerAppleWatch.app; sourceTree = BUILT_PRODUCTS_DIR; };
		3782E11825CDEADC00E7EBBA /* Assets.xcassets */ = {isa = PBXFileReference; lastKnownFileType = folder.assetcatalog; path = Assets.xcassets; sourceTree = "<group>"; };
		3782E11A25CDEADC00E7EBBA /* Info.plist */ = {isa = PBXFileReference; lastKnownFileType = text.plist.xml; path = Info.plist; sourceTree = "<group>"; };
		3782E11F25CDEADC00E7EBBA /* MealPlannerAppleWatch Extension.appex */ = {isa = PBXFileReference; explicitFileType = "wrapper.app-extension"; includeInIndex = 0; path = "MealPlannerAppleWatch Extension.appex"; sourceTree = BUILT_PRODUCTS_DIR; };
		3782E12425CDEADC00E7EBBA /* MealPlannerApp.swift */ = {isa = PBXFileReference; lastKnownFileType = sourcecode.swift; path = MealPlannerApp.swift; sourceTree = "<group>"; };
		3782E12825CDEADC00E7EBBA /* NotificationController.swift */ = {isa = PBXFileReference; lastKnownFileType = sourcecode.swift; path = NotificationController.swift; sourceTree = "<group>"; };
		3782E12A25CDEADC00E7EBBA /* NotificationView.swift */ = {isa = PBXFileReference; lastKnownFileType = sourcecode.swift; path = NotificationView.swift; sourceTree = "<group>"; };
		3782E12C25CDEADC00E7EBBA /* ComplicationController.swift */ = {isa = PBXFileReference; lastKnownFileType = sourcecode.swift; path = ComplicationController.swift; sourceTree = "<group>"; };
		3782E12E25CDEADD00E7EBBA /* Assets.xcassets */ = {isa = PBXFileReference; lastKnownFileType = folder.assetcatalog; path = Assets.xcassets; sourceTree = "<group>"; };
		3782E13125CDEADD00E7EBBA /* Preview Assets.xcassets */ = {isa = PBXFileReference; lastKnownFileType = folder.assetcatalog; path = "Preview Assets.xcassets"; sourceTree = "<group>"; };
		3782E13325CDEADD00E7EBBA /* Info.plist */ = {isa = PBXFileReference; lastKnownFileType = text.plist.xml; path = Info.plist; sourceTree = "<group>"; };
		3782E13425CDEADD00E7EBBA /* PushNotificationPayload.apns */ = {isa = PBXFileReference; lastKnownFileType = text; path = PushNotificationPayload.apns; sourceTree = "<group>"; };
		3782E15F25CDEC8B00E7EBBA /* MealPlanWatchView.swift */ = {isa = PBXFileReference; lastKnownFileType = sourcecode.swift; path = MealPlanWatchView.swift; sourceTree = "<group>"; };
		3782E1AC25CDED7B00E7EBBA /* MealList.swift */ = {isa = PBXFileReference; lastKnownFileType = sourcecode.swift; path = MealList.swift; sourceTree = "<group>"; };
		3782E1B225CDEEA000E7EBBA /* CloudKit.framework */ = {isa = PBXFileReference; lastKnownFileType = wrapper.framework; name = CloudKit.framework; path = System/Library/Frameworks/CloudKit.framework; sourceTree = SDKROOT; };
		37A7B57625CD869A006D956B /* MealPlanner.entitlements */ = {isa = PBXFileReference; lastKnownFileType = text.plist.entitlements; path = MealPlanner.entitlements; sourceTree = "<group>"; };
		37A7B57C25CD89F3006D956B /* MealPlannerWidgetExtension.appex */ = {isa = PBXFileReference; explicitFileType = "wrapper.app-extension"; includeInIndex = 0; path = MealPlannerWidgetExtension.appex; sourceTree = BUILT_PRODUCTS_DIR; };
		37A7B57E25CD89F3006D956B /* WidgetKit.framework */ = {isa = PBXFileReference; lastKnownFileType = wrapper.framework; name = WidgetKit.framework; path = System/Library/Frameworks/WidgetKit.framework; sourceTree = SDKROOT; };
		37A7B58025CD89F3006D956B /* SwiftUI.framework */ = {isa = PBXFileReference; lastKnownFileType = wrapper.framework; name = SwiftUI.framework; path = System/Library/Frameworks/SwiftUI.framework; sourceTree = SDKROOT; };
		37A7B58325CD89F3006D956B /* MealPlannerWidget.swift */ = {isa = PBXFileReference; lastKnownFileType = sourcecode.swift; path = MealPlannerWidget.swift; sourceTree = "<group>"; };
		37A7B58525CD89F3006D956B /* MealPlannerWidget.intentdefinition */ = {isa = PBXFileReference; lastKnownFileType = file.intentdefinition; path = MealPlannerWidget.intentdefinition; sourceTree = "<group>"; };
		37A7B58625CD89F4006D956B /* Assets.xcassets */ = {isa = PBXFileReference; lastKnownFileType = folder.assetcatalog; path = Assets.xcassets; sourceTree = "<group>"; };
		37A7B58825CD89F4006D956B /* Info.plist */ = {isa = PBXFileReference; lastKnownFileType = text.plist.xml; path = Info.plist; sourceTree = "<group>"; };
		37B0569C25D44534006543DD /* NSSetExtensions.swift */ = {isa = PBXFileReference; lastKnownFileType = sourcecode.swift; path = NSSetExtensions.swift; sourceTree = "<group>"; };
		37B056A625D456B6006543DD /* GroceryItemView.swift */ = {isa = PBXFileReference; lastKnownFileType = sourcecode.swift; path = GroceryItemView.swift; sourceTree = "<group>"; };
		37B2725925CA106F003405A3 /* RecipeList.swift */ = {isa = PBXFileReference; lastKnownFileType = sourcecode.swift; path = RecipeList.swift; sourceTree = "<group>"; };
		37B2725C25CA10D5003405A3 /* EditRecipeForm.swift */ = {isa = PBXFileReference; lastKnownFileType = sourcecode.swift; path = EditRecipeForm.swift; sourceTree = "<group>"; };
		37B2726225CA11B2003405A3 /* EditIngredientForm.swift */ = {isa = PBXFileReference; lastKnownFileType = sourcecode.swift; path = EditIngredientForm.swift; sourceTree = "<group>"; };
		37B2726525CA1237003405A3 /* RecipeItem.swift */ = {isa = PBXFileReference; lastKnownFileType = sourcecode.swift; path = RecipeItem.swift; sourceTree = "<group>"; };
		37B2726825CA12F2003405A3 /* Recipe.swift */ = {isa = PBXFileReference; lastKnownFileType = sourcecode.swift; path = Recipe.swift; sourceTree = "<group>"; };
		37B2726B25CA12FD003405A3 /* Ingredient.swift */ = {isa = PBXFileReference; lastKnownFileType = sourcecode.swift; path = Ingredient.swift; sourceTree = "<group>"; };
		37C39F3E25CB1ECA0033A1ED /* DecimalField.swift */ = {isa = PBXFileReference; lastKnownFileType = sourcecode.swift; path = DecimalField.swift; sourceTree = "<group>"; };
		37C39F4125CB317C0033A1ED /* MealForm.swift */ = {isa = PBXFileReference; lastKnownFileType = sourcecode.swift; path = MealForm.swift; sourceTree = "<group>"; };
		37C39F4425CB5AF70033A1ED /* MealPlanStrings.strings */ = {isa = PBXFileReference; lastKnownFileType = text.plist.strings; path = MealPlanStrings.strings; sourceTree = "<group>"; };
		37C39F4725CB5E8D0033A1ED /* UnitPicker.swift */ = {isa = PBXFileReference; lastKnownFileType = sourcecode.swift; path = UnitPicker.swift; sourceTree = "<group>"; };
		37C39F4A25CC4C1B0033A1ED /* MealList.swift */ = {isa = PBXFileReference; lastKnownFileType = sourcecode.swift; path = MealList.swift; sourceTree = "<group>"; };
		37C39F4D25CC4D840033A1ED /* MealItem.swift */ = {isa = PBXFileReference; lastKnownFileType = sourcecode.swift; path = MealItem.swift; sourceTree = "<group>"; };
		37C39F6D25CC64EC0033A1ED /* Meal.swift */ = {isa = PBXFileReference; lastKnownFileType = sourcecode.swift; path = Meal.swift; sourceTree = "<group>"; };
		37ECACFF25D361F500EABEE4 /* Availability.swift */ = {isa = PBXFileReference; lastKnownFileType = sourcecode.swift; path = Availability.swift; sourceTree = "<group>"; };
		37ECAD0525D3632100EABEE4 /* GroceryListView.swift */ = {isa = PBXFileReference; lastKnownFileType = sourcecode.swift; path = GroceryListView.swift; sourceTree = "<group>"; };
		37ECAD0F25D3681200EABEE4 /* GroceryView.swift */ = {isa = PBXFileReference; lastKnownFileType = sourcecode.swift; path = GroceryView.swift; sourceTree = "<group>"; };
		37ECAD1D25D3696700EABEE4 /* DateExtension.swift */ = {isa = PBXFileReference; lastKnownFileType = sourcecode.swift; path = DateExtension.swift; sourceTree = "<group>"; };
		37ECAD2725D42C4400EABEE4 /* GroceryList.swift */ = {isa = PBXFileReference; lastKnownFileType = sourcecode.swift; path = GroceryList.swift; sourceTree = "<group>"; };
		37ECAD2D25D4303600EABEE4 /* IngredientListView.swift */ = {isa = PBXFileReference; lastKnownFileType = sourcecode.swift; path = IngredientListView.swift; sourceTree = "<group>"; };
		37ECAD3325D431B700EABEE4 /* AddRecipeToMeal.swift */ = {isa = PBXFileReference; lastKnownFileType = sourcecode.swift; path = AddRecipeToMeal.swift; sourceTree = "<group>"; };
		37ECAD3925D4325300EABEE4 /* NameAndDate.swift */ = {isa = PBXFileReference; lastKnownFileType = sourcecode.swift; path = NameAndDate.swift; sourceTree = "<group>"; };
		37ECAD3F25D433D600EABEE4 /* SettingsView.swift */ = {isa = PBXFileReference; lastKnownFileType = sourcecode.swift; path = SettingsView.swift; sourceTree = "<group>"; };
		37ECAD4525D434F800EABEE4 /* Frequency.swift */ = {isa = PBXFileReference; lastKnownFileType = sourcecode.swift; path = Frequency.swift; sourceTree = "<group>"; };
		37ECAD4B25D4363900EABEE4 /* User.swift */ = {isa = PBXFileReference; lastKnownFileType = sourcecode.swift; path = User.swift; sourceTree = "<group>"; };
/* End PBXFileReference section */

/* Begin PBXFrameworksBuildPhase section */
		3739C3A025C8535F00B258F8 /* Frameworks */ = {
			isa = PBXFrameworksBuildPhase;
			buildActionMask = 2147483647;
			files = (
				3782E1B325CDEEA000E7EBBA /* CloudKit.framework in Frameworks */,
			);
			runOnlyForDeploymentPostprocessing = 0;
		};
		3782E11C25CDEADC00E7EBBA /* Frameworks */ = {
			isa = PBXFrameworksBuildPhase;
			buildActionMask = 2147483647;
			files = (
			);
			runOnlyForDeploymentPostprocessing = 0;
		};
		37A7B57925CD89F3006D956B /* Frameworks */ = {
			isa = PBXFrameworksBuildPhase;
			buildActionMask = 2147483647;
			files = (
				37A7B58125CD89F3006D956B /* SwiftUI.framework in Frameworks */,
				37A7B57F25CD89F3006D956B /* WidgetKit.framework in Frameworks */,
			);
			runOnlyForDeploymentPostprocessing = 0;
		};
/* End PBXFrameworksBuildPhase section */

/* Begin PBXGroup section */
		3739C39A25C8535F00B258F8 = {
			isa = PBXGroup;
			children = (
				3739C3A525C8535F00B258F8 /* MealPlanner */,
				37A7B58225CD89F3006D956B /* MealPlannerWidget */,
				3782E11725CDEADA00E7EBBA /* MealPlannerAppleWatch */,
				3782E12325CDEADC00E7EBBA /* MealPlannerAppleWatch Extension */,
				37A7B57D25CD89F3006D956B /* Frameworks */,
				3739C3A425C8535F00B258F8 /* Products */,
			);
			sourceTree = "<group>";
		};
		3739C3A425C8535F00B258F8 /* Products */ = {
			isa = PBXGroup;
			children = (
				3739C3A325C8535F00B258F8 /* MealPlanner.app */,
				37A7B57C25CD89F3006D956B /* MealPlannerWidgetExtension.appex */,
				3782E11625CDEADA00E7EBBA /* MealPlannerAppleWatch.app */,
				3782E11F25CDEADC00E7EBBA /* MealPlannerAppleWatch Extension.appex */,
			);
			name = Products;
			sourceTree = "<group>";
		};
		3739C3A525C8535F00B258F8 /* MealPlanner */ = {
			isa = PBXGroup;
			children = (
				37B0569B25D4451E006543DD /* Extensions */,
				37A7B57625CD869A006D956B /* MealPlanner.entitlements */,
				3739C3AC25C8536000B258F8 /* Preview Content */,
				37B2726025CA1127003405A3 /* Views */,
				37B2725F25CA1119003405A3 /* Models */,
				3739C3AA25C8536000B258F8 /* Assets.xcassets */,
				3739C3AF25C8536000B258F8 /* Info.plist */,
				3739C3B625C8538200B258F8 /* MealPlanner.xcdatamodeld */,
				3739C3A625C8535F00B258F8 /* MealPlannerApp.swift */,
				37C39F4425CB5AF70033A1ED /* MealPlanStrings.strings */,
			);
			path = MealPlanner;
			sourceTree = "<group>";
		};
		3739C3AC25C8536000B258F8 /* Preview Content */ = {
			isa = PBXGroup;
			children = (
				3739C3AD25C8536000B258F8 /* Preview Assets.xcassets */,
			);
			path = "Preview Content";
			sourceTree = "<group>";
		};
		3782E11725CDEADA00E7EBBA /* MealPlannerAppleWatch */ = {
			isa = PBXGroup;
			children = (
				3782E11825CDEADC00E7EBBA /* Assets.xcassets */,
				3782E11A25CDEADC00E7EBBA /* Info.plist */,
			);
			path = MealPlannerAppleWatch;
			sourceTree = "<group>";
		};
		3782E12325CDEADC00E7EBBA /* MealPlannerAppleWatch Extension */ = {
			isa = PBXGroup;
			children = (
				3782E12425CDEADC00E7EBBA /* MealPlannerApp.swift */,
				3782E12825CDEADC00E7EBBA /* NotificationController.swift */,
				3782E12A25CDEADC00E7EBBA /* NotificationView.swift */,
				3782E12C25CDEADC00E7EBBA /* ComplicationController.swift */,
				3782E12E25CDEADD00E7EBBA /* Assets.xcassets */,
				3782E13325CDEADD00E7EBBA /* Info.plist */,
				3782E13425CDEADD00E7EBBA /* PushNotificationPayload.apns */,
				3782E13025CDEADD00E7EBBA /* Preview Content */,
				3782E15F25CDEC8B00E7EBBA /* MealPlanWatchView.swift */,
				3782E1AC25CDED7B00E7EBBA /* MealList.swift */,
			);
			path = "MealPlannerAppleWatch Extension";
			sourceTree = "<group>";
		};
		3782E13025CDEADD00E7EBBA /* Preview Content */ = {
			isa = PBXGroup;
			children = (
				3782E13125CDEADD00E7EBBA /* Preview Assets.xcassets */,
			);
			path = "Preview Content";
			sourceTree = "<group>";
		};
		37A7B57D25CD89F3006D956B /* Frameworks */ = {
			isa = PBXGroup;
			children = (
				3782E1B225CDEEA000E7EBBA /* CloudKit.framework */,
				37A7B57E25CD89F3006D956B /* WidgetKit.framework */,
				37A7B58025CD89F3006D956B /* SwiftUI.framework */,
			);
			name = Frameworks;
			sourceTree = "<group>";
		};
		37A7B58225CD89F3006D956B /* MealPlannerWidget */ = {
			isa = PBXGroup;
			children = (
				37A7B58325CD89F3006D956B /* MealPlannerWidget.swift */,
				37A7B58525CD89F3006D956B /* MealPlannerWidget.intentdefinition */,
				37A7B58625CD89F4006D956B /* Assets.xcassets */,
				37A7B58825CD89F4006D956B /* Info.plist */,
			);
			path = MealPlannerWidget;
			sourceTree = "<group>";
		};
		37B0569B25D4451E006543DD /* Extensions */ = {
			isa = PBXGroup;
			children = (
				37B0569C25D44534006543DD /* NSSetExtensions.swift */,
			);
			path = Extensions;
			sourceTree = "<group>";
		};
		37B2725F25CA1119003405A3 /* Models */ = {
			isa = PBXGroup;
			children = (
				3739C3BA25C8544400B258F8 /* Persistence.swift */,
				37B2726825CA12F2003405A3 /* Recipe.swift */,
				37B2726B25CA12FD003405A3 /* Ingredient.swift */,
				370161F825CB0E27002FF3DA /* UnitType.swift */,
				37C39F6D25CC64EC0033A1ED /* Meal.swift */,
				37ECACFF25D361F500EABEE4 /* Availability.swift */,
				37ECAD1D25D3696700EABEE4 /* DateExtension.swift */,
				37ECAD2725D42C4400EABEE4 /* GroceryList.swift */,
				37ECAD4525D434F800EABEE4 /* Frequency.swift */,
				37ECAD4B25D4363900EABEE4 /* User.swift */,
			);
			path = Models;
			sourceTree = "<group>";
		};
		37B2726025CA1127003405A3 /* Views */ = {
			isa = PBXGroup;
			children = (
				3739C3A825C8535F00B258F8 /* ContentView.swift */,
				37B2725C25CA10D5003405A3 /* EditRecipeForm.swift */,
				37B2725925CA106F003405A3 /* RecipeList.swift */,
				37B2726225CA11B2003405A3 /* EditIngredientForm.swift */,
				37B2726525CA1237003405A3 /* RecipeItem.swift */,
				37C39F3E25CB1ECA0033A1ED /* DecimalField.swift */,
				37C39F4125CB317C0033A1ED /* MealForm.swift */,
				37C39F4725CB5E8D0033A1ED /* UnitPicker.swift */,
				37C39F4A25CC4C1B0033A1ED /* MealList.swift */,
				37C39F4D25CC4D840033A1ED /* MealItem.swift */,
				37ECAD0525D3632100EABEE4 /* GroceryListView.swift */,
				37ECAD0F25D3681200EABEE4 /* GroceryView.swift */,
				37ECAD2D25D4303600EABEE4 /* IngredientListView.swift */,
				37ECAD3325D431B700EABEE4 /* AddRecipeToMeal.swift */,
				37ECAD3925D4325300EABEE4 /* NameAndDate.swift */,
				37ECAD3F25D433D600EABEE4 /* SettingsView.swift */,
				37B056A625D456B6006543DD /* GroceryItemView.swift */,
			);
			path = Views;
			sourceTree = "<group>";
		};
/* End PBXGroup section */

/* Begin PBXNativeTarget section */
		3739C3A225C8535F00B258F8 /* MealPlanner */ = {
			isa = PBXNativeTarget;
			buildConfigurationList = 3739C3B225C8536000B258F8 /* Build configuration list for PBXNativeTarget "MealPlanner" */;
			buildPhases = (
				3739C39F25C8535F00B258F8 /* Sources */,
				3739C3A025C8535F00B258F8 /* Frameworks */,
				3739C3A125C8535F00B258F8 /* Resources */,
				37A7B59125CD89F4006D956B /* Embed App Extensions */,
				3782E13825CDEADD00E7EBBA /* Embed Watch Content */,
			);
			buildRules = (
			);
			dependencies = (
				37A7B58C25CD89F4006D956B /* PBXTargetDependency */,
				3782E13625CDEADD00E7EBBA /* PBXTargetDependency */,
			);
			name = MealPlanner;
			productName = MealPlanner;
			productReference = 3739C3A325C8535F00B258F8 /* MealPlanner.app */;
			productType = "com.apple.product-type.application";
		};
		3782E11525CDEADA00E7EBBA /* MealPlannerAppleWatch */ = {
			isa = PBXNativeTarget;
			buildConfigurationList = 3782E13F25CDEADD00E7EBBA /* Build configuration list for PBXNativeTarget "MealPlannerAppleWatch" */;
			buildPhases = (
				3782E11425CDEADA00E7EBBA /* Resources */,
				3782E13B25CDEADD00E7EBBA /* Embed App Extensions */,
			);
			buildRules = (
			);
			dependencies = (
				3782E12225CDEADC00E7EBBA /* PBXTargetDependency */,
			);
			name = MealPlannerAppleWatch;
			productName = MealPlannerAppleWatch;
			productReference = 3782E11625CDEADA00E7EBBA /* MealPlannerAppleWatch.app */;
			productType = "com.apple.product-type.application.watchapp2";
		};
		3782E11E25CDEADC00E7EBBA /* MealPlannerAppleWatch Extension */ = {
			isa = PBXNativeTarget;
			buildConfigurationList = 3782E13E25CDEADD00E7EBBA /* Build configuration list for PBXNativeTarget "MealPlannerAppleWatch Extension" */;
			buildPhases = (
				3782E11B25CDEADC00E7EBBA /* Sources */,
				3782E11C25CDEADC00E7EBBA /* Frameworks */,
				3782E11D25CDEADC00E7EBBA /* Resources */,
			);
			buildRules = (
			);
			dependencies = (
			);
			name = "MealPlannerAppleWatch Extension";
			productName = "MealPlannerAppleWatch Extension";
			productReference = 3782E11F25CDEADC00E7EBBA /* MealPlannerAppleWatch Extension.appex */;
			productType = "com.apple.product-type.watchkit2-extension";
		};
		37A7B57B25CD89F3006D956B /* MealPlannerWidgetExtension */ = {
			isa = PBXNativeTarget;
			buildConfigurationList = 37A7B58E25CD89F4006D956B /* Build configuration list for PBXNativeTarget "MealPlannerWidgetExtension" */;
			buildPhases = (
				37A7B57825CD89F3006D956B /* Sources */,
				37A7B57925CD89F3006D956B /* Frameworks */,
				37A7B57A25CD89F3006D956B /* Resources */,
			);
			buildRules = (
			);
			dependencies = (
			);
			name = MealPlannerWidgetExtension;
			productName = MealPlannerWidgetExtension;
			productReference = 37A7B57C25CD89F3006D956B /* MealPlannerWidgetExtension.appex */;
			productType = "com.apple.product-type.app-extension";
		};
/* End PBXNativeTarget section */

/* Begin PBXProject section */
		3739C39B25C8535F00B258F8 /* Project object */ = {
			isa = PBXProject;
			attributes = {
				LastSwiftUpdateCheck = 1240;
				LastUpgradeCheck = 1240;
				TargetAttributes = {
					3739C3A225C8535F00B258F8 = {
						CreatedOnToolsVersion = 12.4;
					};
					3782E11525CDEADA00E7EBBA = {
						CreatedOnToolsVersion = 12.4;
					};
					3782E11E25CDEADC00E7EBBA = {
						CreatedOnToolsVersion = 12.4;
					};
					37A7B57B25CD89F3006D956B = {
						CreatedOnToolsVersion = 12.4;
					};
				};
			};
			buildConfigurationList = 3739C39E25C8535F00B258F8 /* Build configuration list for PBXProject "MealPlanner" */;
			compatibilityVersion = "Xcode 9.3";
			developmentRegion = en;
			hasScannedForEncodings = 0;
			knownRegions = (
				en,
				Base,
			);
			mainGroup = 3739C39A25C8535F00B258F8;
			productRefGroup = 3739C3A425C8535F00B258F8 /* Products */;
			projectDirPath = "";
			projectRoot = "";
			targets = (
				3739C3A225C8535F00B258F8 /* MealPlanner */,
				37A7B57B25CD89F3006D956B /* MealPlannerWidgetExtension */,
				3782E11525CDEADA00E7EBBA /* MealPlannerAppleWatch */,
				3782E11E25CDEADC00E7EBBA /* MealPlannerAppleWatch Extension */,
			);
		};
/* End PBXProject section */

/* Begin PBXResourcesBuildPhase section */
		3739C3A125C8535F00B258F8 /* Resources */ = {
			isa = PBXResourcesBuildPhase;
			buildActionMask = 2147483647;
			files = (
				3739C3AE25C8536000B258F8 /* Preview Assets.xcassets in Resources */,
				37C39F4525CB5AF70033A1ED /* MealPlanStrings.strings in Resources */,
				3739C3AB25C8536000B258F8 /* Assets.xcassets in Resources */,
			);
			runOnlyForDeploymentPostprocessing = 0;
		};
		3782E11425CDEADA00E7EBBA /* Resources */ = {
			isa = PBXResourcesBuildPhase;
			buildActionMask = 2147483647;
			files = (
				3782E11925CDEADC00E7EBBA /* Assets.xcassets in Resources */,
			);
			runOnlyForDeploymentPostprocessing = 0;
		};
		3782E11D25CDEADC00E7EBBA /* Resources */ = {
			isa = PBXResourcesBuildPhase;
			buildActionMask = 2147483647;
			files = (
				3782E13225CDEADD00E7EBBA /* Preview Assets.xcassets in Resources */,
				3782E12F25CDEADD00E7EBBA /* Assets.xcassets in Resources */,
			);
			runOnlyForDeploymentPostprocessing = 0;
		};
		37A7B57A25CD89F3006D956B /* Resources */ = {
			isa = PBXResourcesBuildPhase;
			buildActionMask = 2147483647;
			files = (
				37A7B58725CD89F4006D956B /* Assets.xcassets in Resources */,
			);
			runOnlyForDeploymentPostprocessing = 0;
		};
/* End PBXResourcesBuildPhase section */

/* Begin PBXSourcesBuildPhase section */
		3739C39F25C8535F00B258F8 /* Sources */ = {
			isa = PBXSourcesBuildPhase;
			buildActionMask = 2147483647;
			files = (
				37ECAD4C25D4363900EABEE4 /* User.swift in Sources */,
				3739C3B825C8538200B258F8 /* MealPlanner.xcdatamodeld in Sources */,
				3739C3BB25C8544400B258F8 /* Persistence.swift in Sources */,
				37A7B58A25CD89F4006D956B /* MealPlannerWidget.intentdefinition in Sources */,
				37ECAD2825D42C4400EABEE4 /* GroceryList.swift in Sources */,
				37ECAD3A25D4325300EABEE4 /* NameAndDate.swift in Sources */,
				37C39F4B25CC4C1B0033A1ED /* MealList.swift in Sources */,
				37C39F6E25CC64EC0033A1ED /* Meal.swift in Sources */,
				37B2726C25CA12FD003405A3 /* Ingredient.swift in Sources */,
				37B2726625CA1237003405A3 /* RecipeItem.swift in Sources */,
				37ECAD0625D3632100EABEE4 /* GroceryListView.swift in Sources */,
				37B2726325CA11B2003405A3 /* EditIngredientForm.swift in Sources */,
				37ECAD3425D431B700EABEE4 /* AddRecipeToMeal.swift in Sources */,
				37B2725A25CA106F003405A3 /* RecipeList.swift in Sources */,
				37ECAD2E25D4303600EABEE4 /* IngredientListView.swift in Sources */,
				37C39F4E25CC4D840033A1ED /* MealItem.swift in Sources */,
				3739C3A925C8535F00B258F8 /* ContentView.swift in Sources */,
				37ECAD0025D361F500EABEE4 /* Availability.swift in Sources */,
				37ECAD1025D3681200EABEE4 /* GroceryView.swift in Sources */,
				37B0569D25D44534006543DD /* NSSetExtensions.swift in Sources */,
				37C39F4825CB5E8D0033A1ED /* UnitPicker.swift in Sources */,
				37B2726925CA12F2003405A3 /* Recipe.swift in Sources */,
				37ECAD4625D434F800EABEE4 /* Frequency.swift in Sources */,
				37C39F4225CB317C0033A1ED /* MealForm.swift in Sources */,
				37ECAD4025D433D600EABEE4 /* SettingsView.swift in Sources */,
				37B056A725D456B6006543DD /* GroceryItemView.swift in Sources */,
				37ECAD1E25D3696700EABEE4 /* DateExtension.swift in Sources */,
				37C39F3F25CB1ECA0033A1ED /* DecimalField.swift in Sources */,
				370161F925CB0E27002FF3DA /* UnitType.swift in Sources */,
				3739C3A725C8535F00B258F8 /* MealPlannerApp.swift in Sources */,
				37B2725D25CA10D5003405A3 /* EditRecipeForm.swift in Sources */,
			);
			runOnlyForDeploymentPostprocessing = 0;
		};
		3782E11B25CDEADC00E7EBBA /* Sources */ = {
			isa = PBXSourcesBuildPhase;
			buildActionMask = 2147483647;
			files = (
				3782E16F25CDECC600E7EBBA /* Persistence.swift in Sources */,
				3782E12925CDEADC00E7EBBA /* NotificationController.swift in Sources */,
				3782E1A625CDED6300E7EBBA /* Ingredient.swift in Sources */,
				3782E12D25CDEADC00E7EBBA /* ComplicationController.swift in Sources */,
				3782E15625CDEC2E00E7EBBA /* MealPlanner.xcdatamodeld in Sources */,
				3782E1A525CDED6300E7EBBA /* Meal.swift in Sources */,
				3782E12525CDEADC00E7EBBA /* MealPlannerApp.swift in Sources */,
				3782E16025CDEC8B00E7EBBA /* MealPlanWatchView.swift in Sources */,
				3782E1AD25CDED7B00E7EBBA /* MealList.swift in Sources */,
				3782E1A725CDED6300E7EBBA /* UnitType.swift in Sources */,
				3782E12B25CDEADC00E7EBBA /* NotificationView.swift in Sources */,
				3782E1A025CDED5E00E7EBBA /* Recipe.swift in Sources */,
			);
			runOnlyForDeploymentPostprocessing = 0;
		};
		37A7B57825CD89F3006D956B /* Sources */ = {
			isa = PBXSourcesBuildPhase;
			buildActionMask = 2147483647;
			files = (
				37A7B59A25CD8A9A006D956B /* Meal.swift in Sources */,
				37A7B58925CD89F4006D956B /* MealPlannerWidget.intentdefinition in Sources */,
				37A7B58425CD89F3006D956B /* MealPlannerWidget.swift in Sources */,
				37A7B59725CD8A70006D956B /* MealPlanner.xcdatamodeld in Sources */,
			);
			runOnlyForDeploymentPostprocessing = 0;
		};
/* End PBXSourcesBuildPhase section */

/* Begin PBXTargetDependency section */
		3782E12225CDEADC00E7EBBA /* PBXTargetDependency */ = {
			isa = PBXTargetDependency;
			target = 3782E11E25CDEADC00E7EBBA /* MealPlannerAppleWatch Extension */;
			targetProxy = 3782E12125CDEADC00E7EBBA /* PBXContainerItemProxy */;
		};
		3782E13625CDEADD00E7EBBA /* PBXTargetDependency */ = {
			isa = PBXTargetDependency;
			target = 3782E11525CDEADA00E7EBBA /* MealPlannerAppleWatch */;
			targetProxy = 3782E13525CDEADD00E7EBBA /* PBXContainerItemProxy */;
		};
		37A7B58C25CD89F4006D956B /* PBXTargetDependency */ = {
			isa = PBXTargetDependency;
			target = 37A7B57B25CD89F3006D956B /* MealPlannerWidgetExtension */;
			targetProxy = 37A7B58B25CD89F4006D956B /* PBXContainerItemProxy */;
		};
/* End PBXTargetDependency section */

/* Begin XCBuildConfiguration section */
		3739C3B025C8536000B258F8 /* Debug */ = {
			isa = XCBuildConfiguration;
			buildSettings = {
				ALWAYS_SEARCH_USER_PATHS = NO;
				CLANG_ANALYZER_NONNULL = YES;
				CLANG_ANALYZER_NUMBER_OBJECT_CONVERSION = YES_AGGRESSIVE;
				CLANG_CXX_LANGUAGE_STANDARD = "gnu++14";
				CLANG_CXX_LIBRARY = "libc++";
				CLANG_ENABLE_MODULES = YES;
				CLANG_ENABLE_OBJC_ARC = YES;
				CLANG_ENABLE_OBJC_WEAK = YES;
				CLANG_WARN_BLOCK_CAPTURE_AUTORELEASING = YES;
				CLANG_WARN_BOOL_CONVERSION = YES;
				CLANG_WARN_COMMA = YES;
				CLANG_WARN_CONSTANT_CONVERSION = YES;
				CLANG_WARN_DEPRECATED_OBJC_IMPLEMENTATIONS = YES;
				CLANG_WARN_DIRECT_OBJC_ISA_USAGE = YES_ERROR;
				CLANG_WARN_DOCUMENTATION_COMMENTS = YES;
				CLANG_WARN_EMPTY_BODY = YES;
				CLANG_WARN_ENUM_CONVERSION = YES;
				CLANG_WARN_INFINITE_RECURSION = YES;
				CLANG_WARN_INT_CONVERSION = YES;
				CLANG_WARN_NON_LITERAL_NULL_CONVERSION = YES;
				CLANG_WARN_OBJC_IMPLICIT_RETAIN_SELF = YES;
				CLANG_WARN_OBJC_LITERAL_CONVERSION = YES;
				CLANG_WARN_OBJC_ROOT_CLASS = YES_ERROR;
				CLANG_WARN_QUOTED_INCLUDE_IN_FRAMEWORK_HEADER = YES;
				CLANG_WARN_RANGE_LOOP_ANALYSIS = YES;
				CLANG_WARN_STRICT_PROTOTYPES = YES;
				CLANG_WARN_SUSPICIOUS_MOVE = YES;
				CLANG_WARN_UNGUARDED_AVAILABILITY = YES_AGGRESSIVE;
				CLANG_WARN_UNREACHABLE_CODE = YES;
				CLANG_WARN__DUPLICATE_METHOD_MATCH = YES;
				COPY_PHASE_STRIP = NO;
				DEBUG_INFORMATION_FORMAT = dwarf;
				ENABLE_STRICT_OBJC_MSGSEND = YES;
				ENABLE_TESTABILITY = YES;
				GCC_C_LANGUAGE_STANDARD = gnu11;
				GCC_DYNAMIC_NO_PIC = NO;
				GCC_NO_COMMON_BLOCKS = YES;
				GCC_OPTIMIZATION_LEVEL = 0;
				GCC_PREPROCESSOR_DEFINITIONS = (
					"DEBUG=1",
					"$(inherited)",
				);
				GCC_WARN_64_TO_32_BIT_CONVERSION = YES;
				GCC_WARN_ABOUT_RETURN_TYPE = YES_ERROR;
				GCC_WARN_UNDECLARED_SELECTOR = YES;
				GCC_WARN_UNINITIALIZED_AUTOS = YES_AGGRESSIVE;
				GCC_WARN_UNUSED_FUNCTION = YES;
				GCC_WARN_UNUSED_VARIABLE = YES;
				IPHONEOS_DEPLOYMENT_TARGET = 14.4;
				MTL_ENABLE_DEBUG_INFO = INCLUDE_SOURCE;
				MTL_FAST_MATH = YES;
				ONLY_ACTIVE_ARCH = YES;
				SDKROOT = iphoneos;
				SWIFT_ACTIVE_COMPILATION_CONDITIONS = DEBUG;
				SWIFT_OPTIMIZATION_LEVEL = "-Onone";
			};
			name = Debug;
		};
		3739C3B125C8536000B258F8 /* Release */ = {
			isa = XCBuildConfiguration;
			buildSettings = {
				ALWAYS_SEARCH_USER_PATHS = NO;
				CLANG_ANALYZER_NONNULL = YES;
				CLANG_ANALYZER_NUMBER_OBJECT_CONVERSION = YES_AGGRESSIVE;
				CLANG_CXX_LANGUAGE_STANDARD = "gnu++14";
				CLANG_CXX_LIBRARY = "libc++";
				CLANG_ENABLE_MODULES = YES;
				CLANG_ENABLE_OBJC_ARC = YES;
				CLANG_ENABLE_OBJC_WEAK = YES;
				CLANG_WARN_BLOCK_CAPTURE_AUTORELEASING = YES;
				CLANG_WARN_BOOL_CONVERSION = YES;
				CLANG_WARN_COMMA = YES;
				CLANG_WARN_CONSTANT_CONVERSION = YES;
				CLANG_WARN_DEPRECATED_OBJC_IMPLEMENTATIONS = YES;
				CLANG_WARN_DIRECT_OBJC_ISA_USAGE = YES_ERROR;
				CLANG_WARN_DOCUMENTATION_COMMENTS = YES;
				CLANG_WARN_EMPTY_BODY = YES;
				CLANG_WARN_ENUM_CONVERSION = YES;
				CLANG_WARN_INFINITE_RECURSION = YES;
				CLANG_WARN_INT_CONVERSION = YES;
				CLANG_WARN_NON_LITERAL_NULL_CONVERSION = YES;
				CLANG_WARN_OBJC_IMPLICIT_RETAIN_SELF = YES;
				CLANG_WARN_OBJC_LITERAL_CONVERSION = YES;
				CLANG_WARN_OBJC_ROOT_CLASS = YES_ERROR;
				CLANG_WARN_QUOTED_INCLUDE_IN_FRAMEWORK_HEADER = YES;
				CLANG_WARN_RANGE_LOOP_ANALYSIS = YES;
				CLANG_WARN_STRICT_PROTOTYPES = YES;
				CLANG_WARN_SUSPICIOUS_MOVE = YES;
				CLANG_WARN_UNGUARDED_AVAILABILITY = YES_AGGRESSIVE;
				CLANG_WARN_UNREACHABLE_CODE = YES;
				CLANG_WARN__DUPLICATE_METHOD_MATCH = YES;
				COPY_PHASE_STRIP = NO;
				DEBUG_INFORMATION_FORMAT = "dwarf-with-dsym";
				ENABLE_NS_ASSERTIONS = NO;
				ENABLE_STRICT_OBJC_MSGSEND = YES;
				GCC_C_LANGUAGE_STANDARD = gnu11;
				GCC_NO_COMMON_BLOCKS = YES;
				GCC_WARN_64_TO_32_BIT_CONVERSION = YES;
				GCC_WARN_ABOUT_RETURN_TYPE = YES_ERROR;
				GCC_WARN_UNDECLARED_SELECTOR = YES;
				GCC_WARN_UNINITIALIZED_AUTOS = YES_AGGRESSIVE;
				GCC_WARN_UNUSED_FUNCTION = YES;
				GCC_WARN_UNUSED_VARIABLE = YES;
				IPHONEOS_DEPLOYMENT_TARGET = 14.4;
				MTL_ENABLE_DEBUG_INFO = NO;
				MTL_FAST_MATH = YES;
				SDKROOT = iphoneos;
				SWIFT_COMPILATION_MODE = wholemodule;
				SWIFT_OPTIMIZATION_LEVEL = "-O";
				VALIDATE_PRODUCT = YES;
			};
			name = Release;
		};
		3739C3B325C8536000B258F8 /* Debug */ = {
			isa = XCBuildConfiguration;
			buildSettings = {
				ALWAYS_EMBED_SWIFT_STANDARD_LIBRARIES = YES;
				ASSETCATALOG_COMPILER_APPICON_NAME = AppIcon;
				ASSETCATALOG_COMPILER_GLOBAL_ACCENT_COLOR_NAME = AccentColor;
				CODE_SIGN_ENTITLEMENTS = MealPlanner/MealPlanner.entitlements;
				CODE_SIGN_STYLE = Automatic;
				DEVELOPMENT_ASSET_PATHS = "\"MealPlanner/Preview Content\"";
				DEVELOPMENT_TEAM = TS7732JY9T;
				ENABLE_PREVIEWS = YES;
				INFOPLIST_FILE = MealPlanner/Info.plist;
				IPHONEOS_DEPLOYMENT_TARGET = 14.0;
				LD_RUNPATH_SEARCH_PATHS = (
					"$(inherited)",
					"@executable_path/Frameworks",
				);
				PRODUCT_BUNDLE_IDENTIFIER = com.prozach.MealPlanner;
				PRODUCT_NAME = "$(TARGET_NAME)";
				SWIFT_VERSION = 5.0;
				TARGETED_DEVICE_FAMILY = "1,2";
			};
			name = Debug;
		};
		3739C3B425C8536000B258F8 /* Release */ = {
			isa = XCBuildConfiguration;
			buildSettings = {
				ALWAYS_EMBED_SWIFT_STANDARD_LIBRARIES = YES;
				ASSETCATALOG_COMPILER_APPICON_NAME = AppIcon;
				ASSETCATALOG_COMPILER_GLOBAL_ACCENT_COLOR_NAME = AccentColor;
				CODE_SIGN_ENTITLEMENTS = MealPlanner/MealPlanner.entitlements;
				CODE_SIGN_STYLE = Automatic;
				DEVELOPMENT_ASSET_PATHS = "\"MealPlanner/Preview Content\"";
				DEVELOPMENT_TEAM = TS7732JY9T;
				ENABLE_PREVIEWS = YES;
				INFOPLIST_FILE = MealPlanner/Info.plist;
				IPHONEOS_DEPLOYMENT_TARGET = 14.0;
				LD_RUNPATH_SEARCH_PATHS = (
					"$(inherited)",
					"@executable_path/Frameworks",
				);
				PRODUCT_BUNDLE_IDENTIFIER = com.prozach.MealPlanner;
				PRODUCT_NAME = "$(TARGET_NAME)";
				SWIFT_VERSION = 5.0;
				TARGETED_DEVICE_FAMILY = "1,2";
			};
			name = Release;
		};
		3782E13925CDEADD00E7EBBA /* Debug */ = {
			isa = XCBuildConfiguration;
			buildSettings = {
				ALWAYS_EMBED_SWIFT_STANDARD_LIBRARIES = YES;
				ASSETCATALOG_COMPILER_APPICON_NAME = AppIcon;
				ASSETCATALOG_COMPILER_GLOBAL_ACCENT_COLOR_NAME = AccentColor;
				CODE_SIGN_STYLE = Automatic;
				DEVELOPMENT_TEAM = TS7732JY9T;
				IBSC_MODULE = MealPlannerAppleWatch_Extension;
				INFOPLIST_FILE = MealPlannerAppleWatch/Info.plist;
				PRODUCT_BUNDLE_IDENTIFIER = com.prozach.MealPlanner.watchkitapp;
				PRODUCT_NAME = "$(TARGET_NAME)";
				SDKROOT = watchos;
				SKIP_INSTALL = YES;
				SWIFT_VERSION = 5.0;
				TARGETED_DEVICE_FAMILY = 4;
				WATCHOS_DEPLOYMENT_TARGET = 7.2;
			};
			name = Debug;
		};
		3782E13A25CDEADD00E7EBBA /* Release */ = {
			isa = XCBuildConfiguration;
			buildSettings = {
				ALWAYS_EMBED_SWIFT_STANDARD_LIBRARIES = YES;
				ASSETCATALOG_COMPILER_APPICON_NAME = AppIcon;
				ASSETCATALOG_COMPILER_GLOBAL_ACCENT_COLOR_NAME = AccentColor;
				CODE_SIGN_STYLE = Automatic;
				DEVELOPMENT_TEAM = TS7732JY9T;
				IBSC_MODULE = MealPlannerAppleWatch_Extension;
				INFOPLIST_FILE = MealPlannerAppleWatch/Info.plist;
				PRODUCT_BUNDLE_IDENTIFIER = com.prozach.MealPlanner.watchkitapp;
				PRODUCT_NAME = "$(TARGET_NAME)";
				SDKROOT = watchos;
				SKIP_INSTALL = YES;
				SWIFT_VERSION = 5.0;
				TARGETED_DEVICE_FAMILY = 4;
				WATCHOS_DEPLOYMENT_TARGET = 7.2;
			};
			name = Release;
		};
		3782E13C25CDEADD00E7EBBA /* Debug */ = {
			isa = XCBuildConfiguration;
			buildSettings = {
				ASSETCATALOG_COMPILER_COMPLICATION_NAME = Complication;
				CODE_SIGN_STYLE = Automatic;
				DEVELOPMENT_ASSET_PATHS = "\"MealPlannerAppleWatch Extension/Preview Content\"";
				DEVELOPMENT_TEAM = TS7732JY9T;
				ENABLE_PREVIEWS = YES;
				INFOPLIST_FILE = "MealPlannerAppleWatch Extension/Info.plist";
				LD_RUNPATH_SEARCH_PATHS = (
					"$(inherited)",
					"@executable_path/Frameworks",
					"@executable_path/../../Frameworks",
				);
				PRODUCT_BUNDLE_IDENTIFIER = com.prozach.MealPlanner.watchkitapp.watchkitextension;
				PRODUCT_NAME = "${TARGET_NAME}";
				SDKROOT = watchos;
				SKIP_INSTALL = YES;
				SWIFT_VERSION = 5.0;
				TARGETED_DEVICE_FAMILY = 4;
				WATCHOS_DEPLOYMENT_TARGET = 7.2;
			};
			name = Debug;
		};
		3782E13D25CDEADD00E7EBBA /* Release */ = {
			isa = XCBuildConfiguration;
			buildSettings = {
				ASSETCATALOG_COMPILER_COMPLICATION_NAME = Complication;
				CODE_SIGN_STYLE = Automatic;
				DEVELOPMENT_ASSET_PATHS = "\"MealPlannerAppleWatch Extension/Preview Content\"";
				DEVELOPMENT_TEAM = TS7732JY9T;
				ENABLE_PREVIEWS = YES;
				INFOPLIST_FILE = "MealPlannerAppleWatch Extension/Info.plist";
				LD_RUNPATH_SEARCH_PATHS = (
					"$(inherited)",
					"@executable_path/Frameworks",
					"@executable_path/../../Frameworks",
				);
				PRODUCT_BUNDLE_IDENTIFIER = com.prozach.MealPlanner.watchkitapp.watchkitextension;
				PRODUCT_NAME = "${TARGET_NAME}";
				SDKROOT = watchos;
				SKIP_INSTALL = YES;
				SWIFT_VERSION = 5.0;
				TARGETED_DEVICE_FAMILY = 4;
				WATCHOS_DEPLOYMENT_TARGET = 7.2;
			};
			name = Release;
		};
		37A7B58F25CD89F4006D956B /* Debug */ = {
			isa = XCBuildConfiguration;
			buildSettings = {
				ASSETCATALOG_COMPILER_GLOBAL_ACCENT_COLOR_NAME = AccentColor;
				ASSETCATALOG_COMPILER_WIDGET_BACKGROUND_COLOR_NAME = WidgetBackground;
				CODE_SIGN_STYLE = Automatic;
				DEVELOPMENT_TEAM = TS7732JY9T;
				INFOPLIST_FILE = MealPlannerWidget/Info.plist;
				LD_RUNPATH_SEARCH_PATHS = (
					"$(inherited)",
					"@executable_path/Frameworks",
					"@executable_path/../../Frameworks",
				);
				PRODUCT_BUNDLE_IDENTIFIER = com.prozach.MealPlanner.MealPlannerWidget;
				PRODUCT_NAME = "$(TARGET_NAME)";
				SKIP_INSTALL = YES;
				SWIFT_VERSION = 5.0;
				TARGETED_DEVICE_FAMILY = "1,2";
			};
			name = Debug;
		};
		37A7B59025CD89F4006D956B /* Release */ = {
			isa = XCBuildConfiguration;
			buildSettings = {
				ASSETCATALOG_COMPILER_GLOBAL_ACCENT_COLOR_NAME = AccentColor;
				ASSETCATALOG_COMPILER_WIDGET_BACKGROUND_COLOR_NAME = WidgetBackground;
				CODE_SIGN_STYLE = Automatic;
				DEVELOPMENT_TEAM = TS7732JY9T;
				INFOPLIST_FILE = MealPlannerWidget/Info.plist;
				LD_RUNPATH_SEARCH_PATHS = (
					"$(inherited)",
					"@executable_path/Frameworks",
					"@executable_path/../../Frameworks",
				);
				PRODUCT_BUNDLE_IDENTIFIER = com.prozach.MealPlanner.MealPlannerWidget;
				PRODUCT_NAME = "$(TARGET_NAME)";
				SKIP_INSTALL = YES;
				SWIFT_VERSION = 5.0;
				TARGETED_DEVICE_FAMILY = "1,2";
			};
			name = Release;
		};
/* End XCBuildConfiguration section */

/* Begin XCConfigurationList section */
		3739C39E25C8535F00B258F8 /* Build configuration list for PBXProject "MealPlanner" */ = {
			isa = XCConfigurationList;
			buildConfigurations = (
				3739C3B025C8536000B258F8 /* Debug */,
				3739C3B125C8536000B258F8 /* Release */,
			);
			defaultConfigurationIsVisible = 0;
			defaultConfigurationName = Release;
		};
		3739C3B225C8536000B258F8 /* Build configuration list for PBXNativeTarget "MealPlanner" */ = {
			isa = XCConfigurationList;
			buildConfigurations = (
				3739C3B325C8536000B258F8 /* Debug */,
				3739C3B425C8536000B258F8 /* Release */,
			);
			defaultConfigurationIsVisible = 0;
			defaultConfigurationName = Release;
		};
		3782E13E25CDEADD00E7EBBA /* Build configuration list for PBXNativeTarget "MealPlannerAppleWatch Extension" */ = {
			isa = XCConfigurationList;
			buildConfigurations = (
				3782E13C25CDEADD00E7EBBA /* Debug */,
				3782E13D25CDEADD00E7EBBA /* Release */,
			);
			defaultConfigurationIsVisible = 0;
			defaultConfigurationName = Release;
		};
		3782E13F25CDEADD00E7EBBA /* Build configuration list for PBXNativeTarget "MealPlannerAppleWatch" */ = {
			isa = XCConfigurationList;
			buildConfigurations = (
				3782E13925CDEADD00E7EBBA /* Debug */,
				3782E13A25CDEADD00E7EBBA /* Release */,
			);
			defaultConfigurationIsVisible = 0;
			defaultConfigurationName = Release;
		};
		37A7B58E25CD89F4006D956B /* Build configuration list for PBXNativeTarget "MealPlannerWidgetExtension" */ = {
			isa = XCConfigurationList;
			buildConfigurations = (
				37A7B58F25CD89F4006D956B /* Debug */,
				37A7B59025CD89F4006D956B /* Release */,
			);
			defaultConfigurationIsVisible = 0;
			defaultConfigurationName = Release;
		};
/* End XCConfigurationList section */

/* Begin XCVersionGroup section */
		3739C3B625C8538200B258F8 /* MealPlanner.xcdatamodeld */ = {
			isa = XCVersionGroup;
			children = (
				3739C3B725C8538200B258F8 /* MealPlanner.xcdatamodel */,
			);
			currentVersion = 3739C3B725C8538200B258F8 /* MealPlanner.xcdatamodel */;
			path = MealPlanner.xcdatamodeld;
			sourceTree = "<group>";
			versionGroupType = wrapper.xcdatamodel;
		};
/* End XCVersionGroup section */
	};
	rootObject = 3739C39B25C8535F00B258F8 /* Project object */;
}
