// !$*UTF8*$!
{
	archiveVersion = 1;
	classes = {
	};
	objectVersion = 50;
	objects = {

/* Begin PBXBuildFile section */
		370161F925CB0E27002FF3DA /* UnitType.swift in Sources */ = {isa = PBXBuildFile; fileRef = 370161F825CB0E27002FF3DA /* UnitType.swift */; };
		3739C3A725C8535F00B258F8 /* MealPlannerApp.swift in Sources */ = {isa = PBXBuildFile; fileRef = 3739C3A625C8535F00B258F8 /* MealPlannerApp.swift */; };
		3739C3A925C8535F00B258F8 /* ContentView.swift in Sources */ = {isa = PBXBuildFile; fileRef = 3739C3A825C8535F00B258F8 /* ContentView.swift */; };
		3739C3AB25C8536000B258F8 /* Assets.xcassets in Resources */ = {isa = PBXBuildFile; fileRef = 3739C3AA25C8536000B258F8 /* Assets.xcassets */; };
		3739C3AE25C8536000B258F8 /* Preview Assets.xcassets in Resources */ = {isa = PBXBuildFile; fileRef = 3739C3AD25C8536000B258F8 /* Preview Assets.xcassets */; };
		3739C3B825C8538200B258F8 /* MealPlanner.xcdatamodeld in Sources */ = {isa = PBXBuildFile; fileRef = 3739C3B625C8538200B258F8 /* MealPlanner.xcdatamodeld */; };
		3739C3BB25C8544400B258F8 /* Persistence.swift in Sources */ = {isa = PBXBuildFile; fileRef = 3739C3BA25C8544400B258F8 /* Persistence.swift */; };
		37B2725A25CA106F003405A3 /* RecipeList.swift in Sources */ = {isa = PBXBuildFile; fileRef = 37B2725925CA106F003405A3 /* RecipeList.swift */; };
		37B2725D25CA10D5003405A3 /* EditRecipeForm.swift in Sources */ = {isa = PBXBuildFile; fileRef = 37B2725C25CA10D5003405A3 /* EditRecipeForm.swift */; };
		37B2726325CA11B2003405A3 /* EditIngredientForm.swift in Sources */ = {isa = PBXBuildFile; fileRef = 37B2726225CA11B2003405A3 /* EditIngredientForm.swift */; };
		37B2726625CA1237003405A3 /* RecipeItem.swift in Sources */ = {isa = PBXBuildFile; fileRef = 37B2726525CA1237003405A3 /* RecipeItem.swift */; };
		37B2726925CA12F2003405A3 /* Recipe.swift in Sources */ = {isa = PBXBuildFile; fileRef = 37B2726825CA12F2003405A3 /* Recipe.swift */; };
		37B2726C25CA12FD003405A3 /* Ingredient.swift in Sources */ = {isa = PBXBuildFile; fileRef = 37B2726B25CA12FD003405A3 /* Ingredient.swift */; };
		37C39F3F25CB1ECA0033A1ED /* DecimalField.swift in Sources */ = {isa = PBXBuildFile; fileRef = 37C39F3E25CB1ECA0033A1ED /* DecimalField.swift */; };
		37C39F4225CB317C0033A1ED /* MealForm.swift in Sources */ = {isa = PBXBuildFile; fileRef = 37C39F4125CB317C0033A1ED /* MealForm.swift */; };
		37C39F4525CB5AF70033A1ED /* MealPlanStrings.strings in Resources */ = {isa = PBXBuildFile; fileRef = 37C39F4425CB5AF70033A1ED /* MealPlanStrings.strings */; };
		37C39F4825CB5E8D0033A1ED /* UnitPicker.swift in Sources */ = {isa = PBXBuildFile; fileRef = 37C39F4725CB5E8D0033A1ED /* UnitPicker.swift */; };
		37C39F4B25CC4C1B0033A1ED /* MealList.swift in Sources */ = {isa = PBXBuildFile; fileRef = 37C39F4A25CC4C1B0033A1ED /* MealList.swift */; };
		37C39F4E25CC4D840033A1ED /* MealItem.swift in Sources */ = {isa = PBXBuildFile; fileRef = 37C39F4D25CC4D840033A1ED /* MealItem.swift */; };
		37C39F6E25CC64EC0033A1ED /* Meal.swift in Sources */ = {isa = PBXBuildFile; fileRef = 37C39F6D25CC64EC0033A1ED /* Meal.swift */; };
/* End PBXBuildFile section */

/* Begin PBXFileReference section */
		370161F825CB0E27002FF3DA /* UnitType.swift */ = {isa = PBXFileReference; lastKnownFileType = sourcecode.swift; path = UnitType.swift; sourceTree = "<group>"; };
		3739C3A325C8535F00B258F8 /* MealPlanner.app */ = {isa = PBXFileReference; explicitFileType = wrapper.application; includeInIndex = 0; path = MealPlanner.app; sourceTree = BUILT_PRODUCTS_DIR; };
		3739C3A625C8535F00B258F8 /* MealPlannerApp.swift */ = {isa = PBXFileReference; lastKnownFileType = sourcecode.swift; path = MealPlannerApp.swift; sourceTree = "<group>"; };
		3739C3A825C8535F00B258F8 /* ContentView.swift */ = {isa = PBXFileReference; lastKnownFileType = sourcecode.swift; path = ContentView.swift; sourceTree = "<group>"; };
		3739C3AA25C8536000B258F8 /* Assets.xcassets */ = {isa = PBXFileReference; lastKnownFileType = folder.assetcatalog; path = Assets.xcassets; sourceTree = "<group>"; };
		3739C3AD25C8536000B258F8 /* Preview Assets.xcassets */ = {isa = PBXFileReference; lastKnownFileType = folder.assetcatalog; path = "Preview Assets.xcassets"; sourceTree = "<group>"; };
		3739C3AF25C8536000B258F8 /* Info.plist */ = {isa = PBXFileReference; lastKnownFileType = text.plist.xml; path = Info.plist; sourceTree = "<group>"; };
		3739C3B725C8538200B258F8 /* MealPlanner.xcdatamodel */ = {isa = PBXFileReference; lastKnownFileType = wrapper.xcdatamodel; path = MealPlanner.xcdatamodel; sourceTree = "<group>"; };
		3739C3BA25C8544400B258F8 /* Persistence.swift */ = {isa = PBXFileReference; lastKnownFileType = sourcecode.swift; path = Persistence.swift; sourceTree = "<group>"; };
		37B2725925CA106F003405A3 /* RecipeList.swift */ = {isa = PBXFileReference; lastKnownFileType = sourcecode.swift; path = RecipeList.swift; sourceTree = "<group>"; };
		37B2725C25CA10D5003405A3 /* EditRecipeForm.swift */ = {isa = PBXFileReference; lastKnownFileType = sourcecode.swift; path = EditRecipeForm.swift; sourceTree = "<group>"; };
		37B2726225CA11B2003405A3 /* EditIngredientForm.swift */ = {isa = PBXFileReference; lastKnownFileType = sourcecode.swift; path = EditIngredientForm.swift; sourceTree = "<group>"; };
		37B2726525CA1237003405A3 /* RecipeItem.swift */ = {isa = PBXFileReference; lastKnownFileType = sourcecode.swift; path = RecipeItem.swift; sourceTree = "<group>"; };
		37B2726825CA12F2003405A3 /* Recipe.swift */ = {isa = PBXFileReference; lastKnownFileType = sourcecode.swift; path = Recipe.swift; sourceTree = "<group>"; };
		37B2726B25CA12FD003405A3 /* Ingredient.swift */ = {isa = PBXFileReference; lastKnownFileType = sourcecode.swift; path = Ingredient.swift; sourceTree = "<group>"; };
		37C39F3E25CB1ECA0033A1ED /* DecimalField.swift */ = {isa = PBXFileReference; lastKnownFileType = sourcecode.swift; path = DecimalField.swift; sourceTree = "<group>"; };
		37C39F4125CB317C0033A1ED /* MealForm.swift */ = {isa = PBXFileReference; lastKnownFileType = sourcecode.swift; path = MealForm.swift; sourceTree = "<group>"; };
		37C39F4425CB5AF70033A1ED /* MealPlanStrings.strings */ = {isa = PBXFileReference; lastKnownFileType = text.plist.strings; path = MealPlanStrings.strings; sourceTree = "<group>"; };
		37C39F4725CB5E8D0033A1ED /* UnitPicker.swift */ = {isa = PBXFileReference; lastKnownFileType = sourcecode.swift; path = UnitPicker.swift; sourceTree = "<group>"; };
		37C39F4A25CC4C1B0033A1ED /* MealList.swift */ = {isa = PBXFileReference; lastKnownFileType = sourcecode.swift; path = MealList.swift; sourceTree = "<group>"; };
		37C39F4D25CC4D840033A1ED /* MealItem.swift */ = {isa = PBXFileReference; lastKnownFileType = sourcecode.swift; path = MealItem.swift; sourceTree = "<group>"; };
		37C39F6D25CC64EC0033A1ED /* Meal.swift */ = {isa = PBXFileReference; lastKnownFileType = sourcecode.swift; path = Meal.swift; sourceTree = "<group>"; };
/* End PBXFileReference section */

/* Begin PBXFrameworksBuildPhase section */
		3739C3A025C8535F00B258F8 /* Frameworks */ = {
			isa = PBXFrameworksBuildPhase;
			buildActionMask = 2147483647;
			files = (
			);
			runOnlyForDeploymentPostprocessing = 0;
		};
/* End PBXFrameworksBuildPhase section */

/* Begin PBXGroup section */
		3739C39A25C8535F00B258F8 = {
			isa = PBXGroup;
			children = (
				3739C3A525C8535F00B258F8 /* MealPlanner */,
				3739C3A425C8535F00B258F8 /* Products */,
			);
			sourceTree = "<group>";
		};
		3739C3A425C8535F00B258F8 /* Products */ = {
			isa = PBXGroup;
			children = (
				3739C3A325C8535F00B258F8 /* MealPlanner.app */,
			);
			name = Products;
			sourceTree = "<group>";
		};
		3739C3A525C8535F00B258F8 /* MealPlanner */ = {
			isa = PBXGroup;
			children = (
				3739C3AC25C8536000B258F8 /* Preview Content */,
				37B2726025CA1127003405A3 /* Views */,
				37B2725F25CA1119003405A3 /* Models */,
				3739C3AA25C8536000B258F8 /* Assets.xcassets */,
				3739C3AF25C8536000B258F8 /* Info.plist */,
				3739C3B625C8538200B258F8 /* MealPlanner.xcdatamodeld */,
				3739C3A625C8535F00B258F8 /* MealPlannerApp.swift */,
				37C39F4425CB5AF70033A1ED /* MealPlanStrings.strings */,
			);
			path = MealPlanner;
			sourceTree = "<group>";
		};
		3739C3AC25C8536000B258F8 /* Preview Content */ = {
			isa = PBXGroup;
			children = (
				3739C3AD25C8536000B258F8 /* Preview Assets.xcassets */,
			);
			path = "Preview Content";
			sourceTree = "<group>";
		};
		37B2725F25CA1119003405A3 /* Models */ = {
			isa = PBXGroup;
			children = (
				3739C3BA25C8544400B258F8 /* Persistence.swift */,
				37B2726825CA12F2003405A3 /* Recipe.swift */,
				37B2726B25CA12FD003405A3 /* Ingredient.swift */,
				370161F825CB0E27002FF3DA /* UnitType.swift */,
				37C39F6D25CC64EC0033A1ED /* Meal.swift */,
			);
			path = Models;
			sourceTree = "<group>";
		};
		37B2726025CA1127003405A3 /* Views */ = {
			isa = PBXGroup;
			children = (
				3739C3A825C8535F00B258F8 /* ContentView.swift */,
				37B2725C25CA10D5003405A3 /* EditRecipeForm.swift */,
				37B2725925CA106F003405A3 /* RecipeList.swift */,
				37B2726225CA11B2003405A3 /* EditIngredientForm.swift */,
				37B2726525CA1237003405A3 /* RecipeItem.swift */,
				37C39F3E25CB1ECA0033A1ED /* DecimalField.swift */,
				37C39F4125CB317C0033A1ED /* MealForm.swift */,
				37C39F4725CB5E8D0033A1ED /* UnitPicker.swift */,
				37C39F4A25CC4C1B0033A1ED /* MealList.swift */,
				37C39F4D25CC4D840033A1ED /* MealItem.swift */,
			);
			path = Views;
			sourceTree = "<group>";
		};
/* End PBXGroup section */

/* Begin PBXNativeTarget section */
		3739C3A225C8535F00B258F8 /* MealPlanner */ = {
			isa = PBXNativeTarget;
			buildConfigurationList = 3739C3B225C8536000B258F8 /* Build configuration list for PBXNativeTarget "MealPlanner" */;
			buildPhases = (
				3739C39F25C8535F00B258F8 /* Sources */,
				3739C3A025C8535F00B258F8 /* Frameworks */,
				3739C3A125C8535F00B258F8 /* Resources */,
			);
			buildRules = (
			);
			dependencies = (
			);
			name = MealPlanner;
			productName = MealPlanner;
			productReference = 3739C3A325C8535F00B258F8 /* MealPlanner.app */;
			productType = "com.apple.product-type.application";
		};
/* End PBXNativeTarget section */

/* Begin PBXProject section */
		3739C39B25C8535F00B258F8 /* Project object */ = {
			isa = PBXProject;
			attributes = {
				LastSwiftUpdateCheck = 1240;
				LastUpgradeCheck = 1240;
				TargetAttributes = {
					3739C3A225C8535F00B258F8 = {
						CreatedOnToolsVersion = 12.4;
					};
				};
			};
			buildConfigurationList = 3739C39E25C8535F00B258F8 /* Build configuration list for PBXProject "MealPlanner" */;
			compatibilityVersion = "Xcode 9.3";
			developmentRegion = en;
			hasScannedForEncodings = 0;
			knownRegions = (
				en,
				Base,
			);
			mainGroup = 3739C39A25C8535F00B258F8;
			productRefGroup = 3739C3A425C8535F00B258F8 /* Products */;
			projectDirPath = "";
			projectRoot = "";
			targets = (
				3739C3A225C8535F00B258F8 /* MealPlanner */,
			);
		};
/* End PBXProject section */

/* Begin PBXResourcesBuildPhase section */
		3739C3A125C8535F00B258F8 /* Resources */ = {
			isa = PBXResourcesBuildPhase;
			buildActionMask = 2147483647;
			files = (
				3739C3AE25C8536000B258F8 /* Preview Assets.xcassets in Resources */,
				37C39F4525CB5AF70033A1ED /* MealPlanStrings.strings in Resources */,
				3739C3AB25C8536000B258F8 /* Assets.xcassets in Resources */,
			);
			runOnlyForDeploymentPostprocessing = 0;
		};
/* End PBXResourcesBuildPhase section */

/* Begin PBXSourcesBuildPhase section */
		3739C39F25C8535F00B258F8 /* Sources */ = {
			isa = PBXSourcesBuildPhase;
			buildActionMask = 2147483647;
			files = (
				3739C3B825C8538200B258F8 /* MealPlanner.xcdatamodeld in Sources */,
				3739C3BB25C8544400B258F8 /* Persistence.swift in Sources */,
				37C39F4B25CC4C1B0033A1ED /* MealList.swift in Sources */,
				37C39F6E25CC64EC0033A1ED /* Meal.swift in Sources */,
				37B2726C25CA12FD003405A3 /* Ingredient.swift in Sources */,
				37B2726625CA1237003405A3 /* RecipeItem.swift in Sources */,
				37B2726325CA11B2003405A3 /* EditIngredientForm.swift in Sources */,
				37B2725A25CA106F003405A3 /* RecipeList.swift in Sources */,
				37C39F4E25CC4D840033A1ED /* MealItem.swift in Sources */,
				3739C3A925C8535F00B258F8 /* ContentView.swift in Sources */,
				37C39F4825CB5E8D0033A1ED /* UnitPicker.swift in Sources */,
				37B2726925CA12F2003405A3 /* Recipe.swift in Sources */,
				37C39F4225CB317C0033A1ED /* MealForm.swift in Sources */,
				37C39F3F25CB1ECA0033A1ED /* DecimalField.swift in Sources */,
				370161F925CB0E27002FF3DA /* UnitType.swift in Sources */,
				3739C3A725C8535F00B258F8 /* MealPlannerApp.swift in Sources */,
				37B2725D25CA10D5003405A3 /* EditRecipeForm.swift in Sources */,
			);
			runOnlyForDeploymentPostprocessing = 0;
		};
/* End PBXSourcesBuildPhase section */

/* Begin XCBuildConfiguration section */
		3739C3B025C8536000B258F8 /* Debug */ = {
			isa = XCBuildConfiguration;
			buildSettings = {
				ALWAYS_SEARCH_USER_PATHS = NO;
				CLANG_ANALYZER_NONNULL = YES;
				CLANG_ANALYZER_NUMBER_OBJECT_CONVERSION = YES_AGGRESSIVE;
				CLANG_CXX_LANGUAGE_STANDARD = "gnu++14";
				CLANG_CXX_LIBRARY = "libc++";
				CLANG_ENABLE_MODULES = YES;
				CLANG_ENABLE_OBJC_ARC = YES;
				CLANG_ENABLE_OBJC_WEAK = YES;
				CLANG_WARN_BLOCK_CAPTURE_AUTORELEASING = YES;
				CLANG_WARN_BOOL_CONVERSION = YES;
				CLANG_WARN_COMMA = YES;
				CLANG_WARN_CONSTANT_CONVERSION = YES;
				CLANG_WARN_DEPRECATED_OBJC_IMPLEMENTATIONS = YES;
				CLANG_WARN_DIRECT_OBJC_ISA_USAGE = YES_ERROR;
				CLANG_WARN_DOCUMENTATION_COMMENTS = YES;
				CLANG_WARN_EMPTY_BODY = YES;
				CLANG_WARN_ENUM_CONVERSION = YES;
				CLANG_WARN_INFINITE_RECURSION = YES;
				CLANG_WARN_INT_CONVERSION = YES;
				CLANG_WARN_NON_LITERAL_NULL_CONVERSION = YES;
				CLANG_WARN_OBJC_IMPLICIT_RETAIN_SELF = YES;
				CLANG_WARN_OBJC_LITERAL_CONVERSION = YES;
				CLANG_WARN_OBJC_ROOT_CLASS = YES_ERROR;
				CLANG_WARN_QUOTED_INCLUDE_IN_FRAMEWORK_HEADER = YES;
				CLANG_WARN_RANGE_LOOP_ANALYSIS = YES;
				CLANG_WARN_STRICT_PROTOTYPES = YES;
				CLANG_WARN_SUSPICIOUS_MOVE = YES;
				CLANG_WARN_UNGUARDED_AVAILABILITY = YES_AGGRESSIVE;
				CLANG_WARN_UNREACHABLE_CODE = YES;
				CLANG_WARN__DUPLICATE_METHOD_MATCH = YES;
				COPY_PHASE_STRIP = NO;
				DEBUG_INFORMATION_FORMAT = dwarf;
				ENABLE_STRICT_OBJC_MSGSEND = YES;
				ENABLE_TESTABILITY = YES;
				GCC_C_LANGUAGE_STANDARD = gnu11;
				GCC_DYNAMIC_NO_PIC = NO;
				GCC_NO_COMMON_BLOCKS = YES;
				GCC_OPTIMIZATION_LEVEL = 0;
				GCC_PREPROCESSOR_DEFINITIONS = (
					"DEBUG=1",
					"$(inherited)",
				);
				GCC_WARN_64_TO_32_BIT_CONVERSION = YES;
				GCC_WARN_ABOUT_RETURN_TYPE = YES_ERROR;
				GCC_WARN_UNDECLARED_SELECTOR = YES;
				GCC_WARN_UNINITIALIZED_AUTOS = YES_AGGRESSIVE;
				GCC_WARN_UNUSED_FUNCTION = YES;
				GCC_WARN_UNUSED_VARIABLE = YES;
				IPHONEOS_DEPLOYMENT_TARGET = 14.4;
				MTL_ENABLE_DEBUG_INFO = INCLUDE_SOURCE;
				MTL_FAST_MATH = YES;
				ONLY_ACTIVE_ARCH = YES;
				SDKROOT = iphoneos;
				SWIFT_ACTIVE_COMPILATION_CONDITIONS = DEBUG;
				SWIFT_OPTIMIZATION_LEVEL = "-Onone";
			};
			name = Debug;
		};
		3739C3B125C8536000B258F8 /* Release */ = {
			isa = XCBuildConfiguration;
			buildSettings = {
				ALWAYS_SEARCH_USER_PATHS = NO;
				CLANG_ANALYZER_NONNULL = YES;
				CLANG_ANALYZER_NUMBER_OBJECT_CONVERSION = YES_AGGRESSIVE;
				CLANG_CXX_LANGUAGE_STANDARD = "gnu++14";
				CLANG_CXX_LIBRARY = "libc++";
				CLANG_ENABLE_MODULES = YES;
				CLANG_ENABLE_OBJC_ARC = YES;
				CLANG_ENABLE_OBJC_WEAK = YES;
				CLANG_WARN_BLOCK_CAPTURE_AUTORELEASING = YES;
				CLANG_WARN_BOOL_CONVERSION = YES;
				CLANG_WARN_COMMA = YES;
				CLANG_WARN_CONSTANT_CONVERSION = YES;
				CLANG_WARN_DEPRECATED_OBJC_IMPLEMENTATIONS = YES;
				CLANG_WARN_DIRECT_OBJC_ISA_USAGE = YES_ERROR;
				CLANG_WARN_DOCUMENTATION_COMMENTS = YES;
				CLANG_WARN_EMPTY_BODY = YES;
				CLANG_WARN_ENUM_CONVERSION = YES;
				CLANG_WARN_INFINITE_RECURSION = YES;
				CLANG_WARN_INT_CONVERSION = YES;
				CLANG_WARN_NON_LITERAL_NULL_CONVERSION = YES;
				CLANG_WARN_OBJC_IMPLICIT_RETAIN_SELF = YES;
				CLANG_WARN_OBJC_LITERAL_CONVERSION = YES;
				CLANG_WARN_OBJC_ROOT_CLASS = YES_ERROR;
				CLANG_WARN_QUOTED_INCLUDE_IN_FRAMEWORK_HEADER = YES;
				CLANG_WARN_RANGE_LOOP_ANALYSIS = YES;
				CLANG_WARN_STRICT_PROTOTYPES = YES;
				CLANG_WARN_SUSPICIOUS_MOVE = YES;
				CLANG_WARN_UNGUARDED_AVAILABILITY = YES_AGGRESSIVE;
				CLANG_WARN_UNREACHABLE_CODE = YES;
				CLANG_WARN__DUPLICATE_METHOD_MATCH = YES;
				COPY_PHASE_STRIP = NO;
				DEBUG_INFORMATION_FORMAT = "dwarf-with-dsym";
				ENABLE_NS_ASSERTIONS = NO;
				ENABLE_STRICT_OBJC_MSGSEND = YES;
				GCC_C_LANGUAGE_STANDARD = gnu11;
				GCC_NO_COMMON_BLOCKS = YES;
				GCC_WARN_64_TO_32_BIT_CONVERSION = YES;
				GCC_WARN_ABOUT_RETURN_TYPE = YES_ERROR;
				GCC_WARN_UNDECLARED_SELECTOR = YES;
				GCC_WARN_UNINITIALIZED_AUTOS = YES_AGGRESSIVE;
				GCC_WARN_UNUSED_FUNCTION = YES;
				GCC_WARN_UNUSED_VARIABLE = YES;
				IPHONEOS_DEPLOYMENT_TARGET = 14.4;
				MTL_ENABLE_DEBUG_INFO = NO;
				MTL_FAST_MATH = YES;
				SDKROOT = iphoneos;
				SWIFT_COMPILATION_MODE = wholemodule;
				SWIFT_OPTIMIZATION_LEVEL = "-O";
				VALIDATE_PRODUCT = YES;
			};
			name = Release;
		};
		3739C3B325C8536000B258F8 /* Debug */ = {
			isa = XCBuildConfiguration;
			buildSettings = {
				ASSETCATALOG_COMPILER_APPICON_NAME = AppIcon;
				ASSETCATALOG_COMPILER_GLOBAL_ACCENT_COLOR_NAME = AccentColor;
				CODE_SIGN_STYLE = Automatic;
				DEVELOPMENT_ASSET_PATHS = "\"MealPlanner/Preview Content\"";
				DEVELOPMENT_TEAM = TS7732JY9T;
				ENABLE_PREVIEWS = YES;
				INFOPLIST_FILE = MealPlanner/Info.plist;
				IPHONEOS_DEPLOYMENT_TARGET = 14.0;
				LD_RUNPATH_SEARCH_PATHS = (
					"$(inherited)",
					"@executable_path/Frameworks",
				);
				PRODUCT_BUNDLE_IDENTIFIER = com.prozach.MealPlanner;
				PRODUCT_NAME = "$(TARGET_NAME)";
				SWIFT_VERSION = 5.0;
				TARGETED_DEVICE_FAMILY = "1,2";
			};
			name = Debug;
		};
		3739C3B425C8536000B258F8 /* Release */ = {
			isa = XCBuildConfiguration;
			buildSettings = {
				ASSETCATALOG_COMPILER_APPICON_NAME = AppIcon;
				ASSETCATALOG_COMPILER_GLOBAL_ACCENT_COLOR_NAME = AccentColor;
				CODE_SIGN_STYLE = Automatic;
				DEVELOPMENT_ASSET_PATHS = "\"MealPlanner/Preview Content\"";
				DEVELOPMENT_TEAM = TS7732JY9T;
				ENABLE_PREVIEWS = YES;
				INFOPLIST_FILE = MealPlanner/Info.plist;
				IPHONEOS_DEPLOYMENT_TARGET = 14.0;
				LD_RUNPATH_SEARCH_PATHS = (
					"$(inherited)",
					"@executable_path/Frameworks",
				);
				PRODUCT_BUNDLE_IDENTIFIER = com.prozach.MealPlanner;
				PRODUCT_NAME = "$(TARGET_NAME)";
				SWIFT_VERSION = 5.0;
				TARGETED_DEVICE_FAMILY = "1,2";
			};
			name = Release;
		};
/* End XCBuildConfiguration section */

/* Begin XCConfigurationList section */
		3739C39E25C8535F00B258F8 /* Build configuration list for PBXProject "MealPlanner" */ = {
			isa = XCConfigurationList;
			buildConfigurations = (
				3739C3B025C8536000B258F8 /* Debug */,
				3739C3B125C8536000B258F8 /* Release */,
			);
			defaultConfigurationIsVisible = 0;
			defaultConfigurationName = Release;
		};
		3739C3B225C8536000B258F8 /* Build configuration list for PBXNativeTarget "MealPlanner" */ = {
			isa = XCConfigurationList;
			buildConfigurations = (
				3739C3B325C8536000B258F8 /* Debug */,
				3739C3B425C8536000B258F8 /* Release */,
			);
			defaultConfigurationIsVisible = 0;
			defaultConfigurationName = Release;
		};
/* End XCConfigurationList section */

/* Begin XCVersionGroup section */
		3739C3B625C8538200B258F8 /* MealPlanner.xcdatamodeld */ = {
			isa = XCVersionGroup;
			children = (
				3739C3B725C8538200B258F8 /* MealPlanner.xcdatamodel */,
			);
			currentVersion = 3739C3B725C8538200B258F8 /* MealPlanner.xcdatamodel */;
			path = MealPlanner.xcdatamodeld;
			sourceTree = "<group>";
			versionGroupType = wrapper.xcdatamodel;
		};
/* End XCVersionGroup section */
	};
	rootObject = 3739C39B25C8535F00B258F8 /* Project object */;
}
